github.com/fatih/color v1.6.0/go.mod h1:Zm6kSWBoL9eyXnKyktHP6abPY2pDugNf5KwzbycvMj4=
github.com/logrusorgru/aurora v0.0.0-20191116043053-66b7ad493a23 h1:Wp7NjqGKGN9te9N/rvXYRhlVcrulGdxnz8zadXWs7fc=
github.com/logrusorgru/aurora v0.0.0-20191116043053-66b7ad493a23/go.mod h1:7rIyQOR62GCctdiQpZ/zOJlFyk6y+94wXzv6RNZgaR4=
github.com/mattn/go-colorable v0.0.9 h1:UVL0vNpWh04HeJXV0KLcaT7r06gOH2l4OW6ddYRUIY4=
github.com/mattn/go-colorable v0.0.9/go.mod h1:9vuHe8Xs5qXnSaW/c/ABM9alt+Vo+STaOChaDxuIBZU=
github.com/mattn/go-isatty v0.0.3 h1:ns/ykhmWi7G9O+8a448SecJU3nSMBXJfqQkl0upE1jI=
github.com/mattn/go-isatty v0.0.3/go.mod h1:M+lRXTBqGeGNdLjl/ufCoiOlB5xdOkqRJdNxMWT7Zi4=
github.com/mingrammer/cfmt v1.1.0 h1:fAALVQC+aa20fCvghuB5W6zBAAsGWKGdcZmexpPrvwo=
github.com/mingrammer/cfmt v1.1.0/go.mod h1:Jqg1Lq43AMo3ggnIEpvIDbca1VSvdHDg0H13eDG+/ys=
golang.org/x/crypto v0.0.0-20190308221718-c2843e01d9a2/go.mod h1:djNgcEr1/C05ACkg1iLfiJU5Ep61QUkGW8qpdssI0+w=
golang.org/x/net v0.0.0-20191119073136-fc4aabc6c914 h1:MlY3mEfbnWGmUi4rtHOtNnnnN4UJRGSyLPx+DXA5Sq4=
golang.org/x/net v0.0.0-20191119073136-fc4aabc6c914/go.mod h1:z5CRVTTTmAJ677TzLLGU+0bjPO0LkuOLi4/5GtJWs/s=
golang.org/x/sys v0.0.0-20180315095008-cc7307a45468/go.mod h1:STP8DvDyc/dI5b8T5hshtkjS+E42TnysNCUPdjciGhY=
golang.org/x/sys v0.0.0-20190215142949-d0b11bdaac8a/go.mod h1:STP8DvDyc/dI5b8T5hshtkjS+E42TnysNCUPdjciGhY=
golang.org/x/text v0.3.0/go.mod h1:NqM8EUOU14njkJ3fqMW+pc6Ldnwhi/IjpwHt7yyuwOQ=
